
Microsoft Visual Studio Solution File, Format Version 12.00
# Visual Studio 15
VisualStudioVersion = 15.0.28307.136
MinimumVisualStudioVersion = 10.0.40219.1
Project("{9A19103F-16F7-4668-BE54-9A1E7A4F7556}") = "WebApplication", "WebApplication\WebApplication.csproj", "{49485192-391D-4C6D-AB9E-0DDBE6C82FB3}"
EndProject
Project("{2150E333-8FDC-42A3-9474-1A3956D46DE8}") = "AzureScripts", "AzureScripts", "{A0BFA951-65C2-4FA0-9430-3DC7F28E2E94}"
EndProject
Global
	GlobalSection(SolutionConfigurationPlatforms) = preSolution
		Debug|Any CPU = Debug|Any CPU
		Release|Any CPU = Release|Any CPU
	EndGlobalSection
	GlobalSection(ProjectConfigurationPlatforms) = postSolution
		{49485192-391D-4C6D-AB9E-0DDBE6C82FB3}.Debug|Any CPU.ActiveCfg = Debug|Any CPU
		{49485192-391D-4C6D-AB9E-0DDBE6C82FB3}.Debug|Any CPU.Build.0 = Debug|Any CPU
		{49485192-391D-4C6D-AB9E-0DDBE6C82FB3}.Release|Any CPU.ActiveCfg = Release|Any CPU
		{49485192-391D-4C6D-AB9E-0DDBE6C82FB3}.Release|Any CPU.Build.0 = Release|Any CPU
	EndGlobalSection
	GlobalSection(SolutionProperties) = preSolution
		HideSolutionNode = FALSE
	EndGlobalSection
	GlobalSection(ExtensibilityGlobals) = postSolution
		SolutionGuid = {21BBF8D3-8E40-4BCA-A1B6-8B674AC6CB06}
	EndGlobalSection
EndGlobal
